
Microsoft Visual Studio Solution File, Format Version 12.00
# Visual Studio Version 17
VisualStudioVersion = 17.5.002.0
MinimumVisualStudioVersion = 10.0.40219.1
Project("{9A19103F-16F7-4668-BE54-9A1E7A4F7556}") = "PizzaStore", "PizzaStore\PizzaStore.csproj", "{D56ED3B3-0665-46E0-BF58-22F08705053F}"
EndProject
Global
	GlobalSection(SolutionConfigurationPlatforms) = preSolution
		Debug|Any CPU = Debug|Any CPU
		Release|Any CPU = Release|Any CPU
	EndGlobalSection
	GlobalSection(ProjectConfigurationPlatforms) = postSolution
		{D56ED3B3-0665-46E0-BF58-22F08705053F}.Debug|Any CPU.ActiveCfg = Debug|Any CPU
		{D56ED3B3-0665-46E0-BF58-22F08705053F}.Debug|Any CPU.Build.0 = Debug|Any CPU
		{D56ED3B3-0665-46E0-BF58-22F08705053F}.Release|Any CPU.ActiveCfg = Release|Any CPU
		{D56ED3B3-0665-46E0-BF58-22F08705053F}.Release|Any CPU.Build.0 = Release|Any CPU
	EndGlobalSection
	GlobalSection(SolutionProperties) = preSolution
		HideSolutionNode = FALSE
	EndGlobalSection
	GlobalSection(ExtensibilityGlobals) = postSolution
		SolutionGuid = {A5A53B70-129C-4A80-8A01-0BF7885F6EE0}
	EndGlobalSection
EndGlobal
